
Microsoft Visual Studio Solution File, Format Version 12.00
# Visual Studio 14
VisualStudioVersion = 14.0.25420.1
MinimumVisualStudioVersion = 10.0.40219.1
Project("{FAE04EC0-301F-11D3-BF4B-00C04F79EFBC}") = "DataAccessHelper", "DataAccessHelper\DataAccessHelper.csproj", "{B8951D00-F24C-447C-A3C5-C5E04B56B2A5}"
EndProject
Project("{FAE04EC0-301F-11D3-BF4B-00C04F79EFBC}") = "BF.Demo", "BF.Demo\BF.Demo.csproj", "{1FDCD0A5-84BE-4CB5-972F-DB155FCD98F6}"
EndProject
Project("{2150E333-8FDC-42A3-9474-1A3956D46DE8}") = "lib", "lib", "{F10BF891-9995-4883-B2FF-1DDC4C2195F8}"
	ProjectSection(SolutionItems) = preProject
		Lib\FastReflectionLib.dll = Lib\FastReflectionLib.dll
		Lib\MySql.Data.dll = Lib\MySql.Data.dll
	EndProjectSection
EndProject
Global
	GlobalSection(SolutionConfigurationPlatforms) = preSolution
		Debug|Any CPU = Debug|Any CPU
		Release|Any CPU = Release|Any CPU
	EndGlobalSection
	GlobalSection(ProjectConfigurationPlatforms) = postSolution
		{B8951D00-F24C-447C-A3C5-C5E04B56B2A5}.Debug|Any CPU.ActiveCfg = Debug|Any CPU
		{B8951D00-F24C-447C-A3C5-C5E04B56B2A5}.Debug|Any CPU.Build.0 = Debug|Any CPU
		{B8951D00-F24C-447C-A3C5-C5E04B56B2A5}.Release|Any CPU.ActiveCfg = Release|Any CPU
		{B8951D00-F24C-447C-A3C5-C5E04B56B2A5}.Release|Any CPU.Build.0 = Release|Any CPU
		{1FDCD0A5-84BE-4CB5-972F-DB155FCD98F6}.Debug|Any CPU.ActiveCfg = Debug|Any CPU
		{1FDCD0A5-84BE-4CB5-972F-DB155FCD98F6}.Debug|Any CPU.Build.0 = Debug|Any CPU
		{1FDCD0A5-84BE-4CB5-972F-DB155FCD98F6}.Release|Any CPU.ActiveCfg = Release|Any CPU
		{1FDCD0A5-84BE-4CB5-972F-DB155FCD98F6}.Release|Any CPU.Build.0 = Release|Any CPU
	EndGlobalSection
	GlobalSection(SolutionProperties) = preSolution
		HideSolutionNode = FALSE
	EndGlobalSection
EndGlobal
